
Microsoft Visual Studio Solution File, Format Version 12.00
# Visual Studio Version 17
VisualStudioVersion = 17.3.32819.101
MinimumVisualStudioVersion = 10.0.40219.1
Project("{FAE04EC0-301F-11D3-BF4B-00C04F79EFBC}") = "MyFirstPro", "MyFirstPro\MyFirstPro.csproj", "{BD61183A-7924-4F5A-9A06-6F899C50DBC6}"
EndProject
Global
	GlobalSection(SolutionConfigurationPlatforms) = preSolution
		Debug|Any CPU = Debug|Any CPU
		Release|Any CPU = Release|Any CPU
	EndGlobalSection
	GlobalSection(ProjectConfigurationPlatforms) = postSolution
		{BD61183A-7924-4F5A-9A06-6F899C50DBC6}.Debug|Any CPU.ActiveCfg = Debug|Any CPU
		{BD61183A-7924-4F5A-9A06-6F899C50DBC6}.Debug|Any CPU.Build.0 = Debug|Any CPU
		{BD61183A-7924-4F5A-9A06-6F899C50DBC6}.Release|Any CPU.ActiveCfg = Release|Any CPU
		{BD61183A-7924-4F5A-9A06-6F899C50DBC6}.Release|Any CPU.Build.0 = Release|Any CPU
	EndGlobalSection
	GlobalSection(SolutionProperties) = preSolution
		HideSolutionNode = FALSE
	EndGlobalSection
	GlobalSection(ExtensibilityGlobals) = postSolution
		SolutionGuid = {4B27D252-354E-41CE-AF0F-BD6B50A0D2C2}
	EndGlobalSection
EndGlobal
